
Microsoft Visual Studio Solution File, Format Version 12.00
# Visual Studio 14
VisualStudioVersion = 14.0.25420.1
MinimumVisualStudioVersion = 10.0.40219.1
Project("{2150E333-8FDC-42A3-9474-1A3956D46DE8}") = "src", "src", "{53D7F319-EC20-4F29-86BC-6F1115E0BA1F}"
EndProject
Project("{2150E333-8FDC-42A3-9474-1A3956D46DE8}") = "Solution Items", "Solution Items", "{F16F2AC1-C30B-4D29-ABD7-AE92C0DAD822}"
	ProjectSection(SolutionItems) = preProject
		global.json = global.json
	EndProjectSection
EndProject
Project("{8BB2217D-0F2D-49D1-97BC-3654ED321F3B}") = "Seafood", "src\Seafood\Seafood.xproj", "{A5EB640A-FC11-4652-BF7E-3ACC99B2B540}"
EndProject
Global
	GlobalSection(SolutionConfigurationPlatforms) = preSolution
		Debug|Any CPU = Debug|Any CPU
		Release|Any CPU = Release|Any CPU
	EndGlobalSection
	GlobalSection(ProjectConfigurationPlatforms) = postSolution
		{A5EB640A-FC11-4652-BF7E-3ACC99B2B540}.Debug|Any CPU.ActiveCfg = Debug|Any CPU
		{A5EB640A-FC11-4652-BF7E-3ACC99B2B540}.Debug|Any CPU.Build.0 = Debug|Any CPU
		{A5EB640A-FC11-4652-BF7E-3ACC99B2B540}.Release|Any CPU.ActiveCfg = Release|Any CPU
		{A5EB640A-FC11-4652-BF7E-3ACC99B2B540}.Release|Any CPU.Build.0 = Release|Any CPU
	EndGlobalSection
	GlobalSection(SolutionProperties) = preSolution
		HideSolutionNode = FALSE
	EndGlobalSection
	GlobalSection(NestedProjects) = preSolution
		{A5EB640A-FC11-4652-BF7E-3ACC99B2B540} = {53D7F319-EC20-4F29-86BC-6F1115E0BA1F}
	EndGlobalSection
EndGlobal
